
Microsoft Visual Studio Solution File, Format Version 12.00
# Visual Studio Version 17
VisualStudioVersion = 17.14.36401.2 d17.14
MinimumVisualStudioVersion = 10.0.40219.1
Project("{FAE04EC0-301F-11D3-BF4B-00C04F79EFBC}") = "Baitap2", "Baitap2\Baitap2.csproj", "{30E3E626-7F42-4182-BE8B-F95695E97691}"
EndProject
Global
	GlobalSection(SolutionConfigurationPlatforms) = preSolution
		Debug|Any CPU = Debug|Any CPU
		Release|Any CPU = Release|Any CPU
	EndGlobalSection
	GlobalSection(ProjectConfigurationPlatforms) = postSolution
		{30E3E626-7F42-4182-BE8B-F95695E97691}.Debug|Any CPU.ActiveCfg = Debug|Any CPU
		{30E3E626-7F42-4182-BE8B-F95695E97691}.Debug|Any CPU.Build.0 = Debug|Any CPU
		{30E3E626-7F42-4182-BE8B-F95695E97691}.Release|Any CPU.ActiveCfg = Release|Any CPU
		{30E3E626-7F42-4182-BE8B-F95695E97691}.Release|Any CPU.Build.0 = Release|Any CPU
	EndGlobalSection
	GlobalSection(SolutionProperties) = preSolution
		HideSolutionNode = FALSE
	EndGlobalSection
	GlobalSection(ExtensibilityGlobals) = postSolution
		SolutionGuid = {C7869FE6-4942-4870-872D-CA60B99D085C}
	EndGlobalSection
EndGlobal
